
Microsoft Visual Studio Solution File, Format Version 12.00
# Visual Studio 15
VisualStudioVersion = 15.0.27130.2020
MinimumVisualStudioVersion = 10.0.40219.1
Project("{FAE04EC0-301F-11D3-BF4B-00C04F79EFBC}") = "Jean_Cafe", "Jean_Cafe\Jean_Cafe.csproj", "{5DCD6C73-EFAA-4FD6-A663-FE24C70B9C29}"
EndProject
Global
	GlobalSection(SolutionConfigurationPlatforms) = preSolution
		Debug|Any CPU = Debug|Any CPU
		Release|Any CPU = Release|Any CPU
	EndGlobalSection
	GlobalSection(ProjectConfigurationPlatforms) = postSolution
		{5DCD6C73-EFAA-4FD6-A663-FE24C70B9C29}.Debug|Any CPU.ActiveCfg = Debug|Any CPU
		{5DCD6C73-EFAA-4FD6-A663-FE24C70B9C29}.Debug|Any CPU.Build.0 = Debug|Any CPU
		{5DCD6C73-EFAA-4FD6-A663-FE24C70B9C29}.Release|Any CPU.ActiveCfg = Release|Any CPU
		{5DCD6C73-EFAA-4FD6-A663-FE24C70B9C29}.Release|Any CPU.Build.0 = Release|Any CPU
	EndGlobalSection
	GlobalSection(SolutionProperties) = preSolution
		HideSolutionNode = FALSE
	EndGlobalSection
	GlobalSection(ExtensibilityGlobals) = postSolution
		SolutionGuid = {98C3D957-454D-4297-A8E5-14E5A64374A4}
	EndGlobalSection
EndGlobal
